# THIS IS AN AUTOGENERATED FILE. DO NOT EDIT THIS FILE DIRECTLY.
# yarn lockfile v1


"@graphprotocol/graph-ts@0.27.0", "@graphprotocol/graph-ts@^0.27.0":
  version "0.27.0"
  resolved "https://registry.yarnpkg.com/@graphprotocol/graph-ts/-/graph-ts-0.27.0.tgz#948fe1716f6082964a01a63a19bcbf9ac44e06ff"
  integrity sha512-r1SPDIZVQiGMxcY8rhFSM0y7d/xAbQf5vHMWUf59js1KgoyWpM6P3tczZqmQd7JTmeyNsDGIPzd9FeaxllsU4w==
  dependencies:
    assemblyscript "0.19.10"

"@graphprotocol/graph-ts@0.29.1":
  version "0.29.1"
  resolved "https://registry.yarnpkg.com/@graphprotocol/graph-ts/-/graph-ts-0.29.1.tgz#8f8fb6815fc4a7470bb8aff8004f032a2639300b"
  integrity sha512-GhAP2ijk3cTM0xBjoAFxEmdZbYl1BueCYqAGw5G7UyBX3EV8FWkvD5DMam6IkLGqXasBmelCFrROK3B5t6zVdg==
  dependencies:
    assemblyscript "0.19.10"

"@graphprotocol/graph-ts@^0.32.0":
  version "0.32.0"
  resolved "https://registry.yarnpkg.com/@graphprotocol/graph-ts/-/graph-ts-0.32.0.tgz#36f8cd8e4ef42c3c32536cceb9995ab990f51d29"
  integrity sha512-YfKLT2w+ItXD/VPYQiAKtINQONVsAOkcqVFMHlhUy0fcEBVWuFBT53hJNI0/l5ujQa4TSxtzrKW/7EABAdgI8g==
  dependencies:
    assemblyscript "0.19.10"

assemblyscript@0.19.10:
  version "0.19.10"
  resolved "https://registry.yarnpkg.com/assemblyscript/-/assemblyscript-0.19.10.tgz#7ede6d99c797a219beb4fa4614c3eab9e6343c8e"
  integrity sha512-HavcUBXB3mBTRGJcpvaQjmnmaqKHBGREjSPNsIvnAk2f9dj78y4BkMaSSdvBQYWcDDzsHQjyUC8stICFkD1Odg==
  dependencies:
    binaryen "101.0.0-nightly.20210723"
    long "^4.0.0"

assemblyscript@^0.19.20:
  version "0.19.23"
  resolved "https://registry.yarnpkg.com/assemblyscript/-/assemblyscript-0.19.23.tgz#16ece69f7f302161e2e736a0f6a474e6db72134c"
  integrity sha512-fwOQNZVTMga5KRsfY80g7cpOl4PsFQczMwHzdtgoqLXaYhkhavufKb0sB0l3T1DUxpAufA0KNhlbpuuhZUwxMA==
  dependencies:
    binaryen "102.0.0-nightly.20211028"
    long "^5.2.0"
    source-map-support "^0.5.20"

binaryen@101.0.0-nightly.20210723:
  version "101.0.0-nightly.20210723"
  resolved "https://registry.yarnpkg.com/binaryen/-/binaryen-101.0.0-nightly.20210723.tgz#b6bb7f3501341727681a03866c0856500eec3740"
  integrity sha512-eioJNqhHlkguVSbblHOtLqlhtC882SOEPKmNFZaDuz1hzQjolxZ+eu3/kaS10n3sGPONsIZsO7R9fR00UyhEUA==

binaryen@102.0.0-nightly.20211028:
  version "102.0.0-nightly.20211028"
  resolved "https://registry.yarnpkg.com/binaryen/-/binaryen-102.0.0-nightly.20211028.tgz#8f1efb0920afd34509e342e37f84313ec936afb2"
  integrity sha512-GCJBVB5exbxzzvyt8MGDv/MeUjs6gkXDvf4xOIItRBptYl0Tz5sm1o/uG95YK0L0VeG5ajDu3hRtkBP2kzqC5w==

buffer-from@^1.0.0:
  version "1.1.2"
  resolved "https://registry.yarnpkg.com/buffer-from/-/buffer-from-1.1.2.tgz#2b146a6fd72e80b4f55d255f35ed59a3a9a41bd5"
  integrity sha512-E+XQCRwSbaaiChtv6k6Dwgc+bx+Bs6vuKJHHl5kox/BaKbhiXzqQOwK4cO22yElGp2OCmjwVhT3HmxgyPGnJfQ==

long@^4.0.0:
  version "4.0.0"
  resolved "https://registry.yarnpkg.com/long/-/long-4.0.0.tgz#9a7b71cfb7d361a194ea555241c92f7468d5bf28"
  integrity sha512-XsP+KhQif4bjX1kbuSiySJFNAehNxgLb6hPRGJ9QsUr8ajHkuXGdrHmFUTUUXhDwVX2R5bY4JNZEwbUiMhV+MA==

long@^5.2.0:
  version "5.2.0"
  resolved "https://registry.yarnpkg.com/long/-/long-5.2.0.tgz#2696dadf4b4da2ce3f6f6b89186085d94d52fd61"
  integrity sha512-9RTUNjK60eJbx3uz+TEGF7fUr29ZDxR5QzXcyDpeSfeH28S9ycINflOgOlppit5U+4kNTe83KQnMEerw7GmE8w==

matchstick-as@0.5.0, matchstick-as@^0.5.0:
  version "0.5.0"
  resolved "https://registry.yarnpkg.com/matchstick-as/-/matchstick-as-0.5.0.tgz#cdafc1ef49d670b9cbe98e933bc2a5cb7c450aeb"
  integrity sha512-4K619YDH+so129qt4RB4JCNxaFwJJYLXPc7drpG+/mIj86Cfzg6FKs/bA91cnajmS1CLHdhHl9vt6Kd6Oqvfkg==
  dependencies:
    "@graphprotocol/graph-ts" "^0.27.0"
    assemblyscript "^0.19.20"
    wabt "1.0.24"

mustache@^4.2.0:
  version "4.2.0"
  resolved "https://registry.yarnpkg.com/mustache/-/mustache-4.2.0.tgz#e5892324d60a12ec9c2a73359edca52972bf6f64"
  integrity sha512-71ippSywq5Yb7/tVYyGbkBggbU8H3u5Rz56fH60jGFgr8uHwxs+aSKeqmluIVzM0m0kB7xQjKS6qPfd0b2ZoqQ==

source-map-support@^0.5.20:
  version "0.5.21"
  resolved "https://registry.yarnpkg.com/source-map-support/-/source-map-support-0.5.21.tgz#04fe7c7f9e1ed2d662233c28cb2b35b9f63f6e4f"
  integrity sha512-uBHU3L3czsIyYXKX88fdrGovxdSCoTGDRZ6SYXtSRxLZUzHg5P/66Ht6uoUlHu9EZod+inXhKo3qQgwXUT/y1w==
  dependencies:
    buffer-from "^1.0.0"
    source-map "^0.6.0"

source-map@^0.6.0:
  version "0.6.1"
  resolved "https://registry.yarnpkg.com/source-map/-/source-map-0.6.1.tgz#74722af32e9614e9c287a8d0bbde48b5e2f1a263"
  integrity sha512-UjgapumWlbMhkBgzT7Ykc5YXUT46F0iKu8SGXq0bcwP5dz/h0Plj6enJqjz1Zbq2l5WaqYnrVbwWOWMyF3F47g==

wabt@1.0.24:
  version "1.0.24"
  resolved "https://registry.yarnpkg.com/wabt/-/wabt-1.0.24.tgz#c02e0b5b4503b94feaf4a30a426ef01c1bea7c6c"
  integrity sha512-8l7sIOd3i5GWfTWciPL0+ff/FK/deVK2Q6FN+MPz4vfUcD78i2M/49XJTwF6aml91uIiuXJEsLKWMB2cw/mtKg==
